
Microsoft Visual Studio Solution File, Format Version 12.00
# Visual Studio Version 16
VisualStudioVersion = 16.0.29411.108
MinimumVisualStudioVersion = 10.0.40219.1
Project("{FAE04EC0-301F-11D3-BF4B-00C04F79EFBC}") = "SaltSanctuary.TAS", "SaltSanctuary.TAS.csproj", "{912208F1-9DDA-4522-8C91-1E2F83EAC999}"
EndProject
Project("{FAE04EC0-301F-11D3-BF4B-00C04F79EFBC}") = "InputFileEditor", "InputFileEditor\InputFileEditor.csproj", "{9D7D3819-9D72-4241-B6D7-C761EBEDB7C9}"
EndProject
Global
	GlobalSection(SolutionConfigurationPlatforms) = preSolution
		Debug|Any CPU = Debug|Any CPU
		Release|Any CPU = Release|Any CPU
	EndGlobalSection
	GlobalSection(ProjectConfigurationPlatforms) = postSolution
		{912208F1-9DDA-4522-8C91-1E2F83EAC999}.Debug|Any CPU.ActiveCfg = Debug|Any CPU
		{912208F1-9DDA-4522-8C91-1E2F83EAC999}.Debug|Any CPU.Build.0 = Debug|Any CPU
		{912208F1-9DDA-4522-8C91-1E2F83EAC999}.Release|Any CPU.ActiveCfg = Release|Any CPU
		{912208F1-9DDA-4522-8C91-1E2F83EAC999}.Release|Any CPU.Build.0 = Release|Any CPU
		{9D7D3819-9D72-4241-B6D7-C761EBEDB7C9}.Debug|Any CPU.ActiveCfg = Debug|Any CPU
		{9D7D3819-9D72-4241-B6D7-C761EBEDB7C9}.Debug|Any CPU.Build.0 = Debug|Any CPU
		{9D7D3819-9D72-4241-B6D7-C761EBEDB7C9}.Release|Any CPU.ActiveCfg = Release|Any CPU
		{9D7D3819-9D72-4241-B6D7-C761EBEDB7C9}.Release|Any CPU.Build.0 = Release|Any CPU
	EndGlobalSection
	GlobalSection(SolutionProperties) = preSolution
		HideSolutionNode = FALSE
	EndGlobalSection
	GlobalSection(ExtensibilityGlobals) = postSolution
		SolutionGuid = {8D4F23FA-ED4A-4807-B574-0A5742457608}
	EndGlobalSection
EndGlobal
